
Microsoft Visual Studio Solution File, Format Version 12.00
# Visual Studio Version 17
VisualStudioVersion = 17.8.34330.188
MinimumVisualStudioVersion = 10.0.40219.1
Project("{FAE04EC0-301F-11D3-BF4B-00C04F79EFBC}") = "String", "String.csproj", "{2D7A2739-B72E-4674-82F9-B513AEDCE6E0}"
EndProject
Global
	GlobalSection(SolutionConfigurationPlatforms) = preSolution
		Debug|Any CPU = Debug|Any CPU
		Release|Any CPU = Release|Any CPU
	EndGlobalSection
	GlobalSection(ProjectConfigurationPlatforms) = postSolution
		{2D7A2739-B72E-4674-82F9-B513AEDCE6E0}.Debug|Any CPU.ActiveCfg = Debug|Any CPU
		{2D7A2739-B72E-4674-82F9-B513AEDCE6E0}.Debug|Any CPU.Build.0 = Debug|Any CPU
		{2D7A2739-B72E-4674-82F9-B513AEDCE6E0}.Release|Any CPU.ActiveCfg = Release|Any CPU
		{2D7A2739-B72E-4674-82F9-B513AEDCE6E0}.Release|Any CPU.Build.0 = Release|Any CPU
	EndGlobalSection
	GlobalSection(SolutionProperties) = preSolution
		HideSolutionNode = FALSE
	EndGlobalSection
	GlobalSection(ExtensibilityGlobals) = postSolution
		SolutionGuid = {1451B91E-E357-442D-8333-E30C1B7E20FD}
	EndGlobalSection
EndGlobal
